{
  "nodes": {
    "nixpkgs": {
      "locked": {
        "lastModified": 1655983783,
        "narHash": "sha256-0h1FzkYWei24IdKNpCX93onkF/FMiXQG8SdEbTc0r8A=",
        "owner": "NixOS",
        "repo": "nixpkgs",
        "rev": "6141b8932a5cf376fe18fcd368cecd9ad946cb68",
        "type": "github"
      },
      "original": {
        "owner": "NixOS",
        "ref": "nixos-unstable",
        "repo": "nixpkgs",
        "type": "github"
      }
    },
    "plutarch": {
      "flake": false,
      "locked": {
        "lastModified": 1660227219,
        "narHash": "sha256-WL9I7DNcTMp48SJ2J7oxAgqx0iD6U55kiWp7+L2vu2w=",
        "owner": "Plutonomicon",
        "repo": "plutarch-core",
        "rev": "788afe899d5a5019a62793f1de86006565c78b7c",
        "type": "github"
      },
      "original": {
        "owner": "Plutonomicon",
        "repo": "plutarch-core",
        "type": "github"
      }
    },
    "root": {
      "inputs": {
        "nixpkgs": "nixpkgs",
        "plutarch": "plutarch"
      }
    }
  },
  "root": "root",
  "version": 7
}
